
Microsoft Visual Studio Solution File, Format Version 12.00
# Visual Studio Version 17
VisualStudioVersion = 17.11.35222.181
MinimumVisualStudioVersion = 10.0.40219.1
Project("{FAE04EC0-301F-11D3-BF4B-00C04F79EFBC}") = "HillerødClassLibrary", "Første Eksamens projekt\HillerødClassLibrary.csproj", "{16C352AB-08DA-422F-9C28-7695FDE534ED}"
EndProject
Project("{FAE04EC0-301F-11D3-BF4B-00C04F79EFBC}") = "Hillerødrazorpage", "Første eksamens projekt razorpage\Hillerødrazorpage.csproj", "{6012607C-E453-478D-824A-DA95588975C3}"
EndProject
Project("{FAE04EC0-301F-11D3-BF4B-00C04F79EFBC}") = "HillerødConsole", "Første eksamens projekt Console\HillerødConsole.csproj", "{797F3CB4-FC40-4BD1-AB70-6FC5281DFB81}"
EndProject
Global
	GlobalSection(SolutionConfigurationPlatforms) = preSolution
		Debug|Any CPU = Debug|Any CPU
		Release|Any CPU = Release|Any CPU
	EndGlobalSection
	GlobalSection(ProjectConfigurationPlatforms) = postSolution
		{16C352AB-08DA-422F-9C28-7695FDE534ED}.Debug|Any CPU.ActiveCfg = Debug|Any CPU
		{16C352AB-08DA-422F-9C28-7695FDE534ED}.Debug|Any CPU.Build.0 = Debug|Any CPU
		{16C352AB-08DA-422F-9C28-7695FDE534ED}.Release|Any CPU.ActiveCfg = Release|Any CPU
		{16C352AB-08DA-422F-9C28-7695FDE534ED}.Release|Any CPU.Build.0 = Release|Any CPU
		{6012607C-E453-478D-824A-DA95588975C3}.Debug|Any CPU.ActiveCfg = Debug|Any CPU
		{6012607C-E453-478D-824A-DA95588975C3}.Debug|Any CPU.Build.0 = Debug|Any CPU
		{6012607C-E453-478D-824A-DA95588975C3}.Release|Any CPU.ActiveCfg = Release|Any CPU
		{6012607C-E453-478D-824A-DA95588975C3}.Release|Any CPU.Build.0 = Release|Any CPU
		{797F3CB4-FC40-4BD1-AB70-6FC5281DFB81}.Debug|Any CPU.ActiveCfg = Debug|Any CPU
		{797F3CB4-FC40-4BD1-AB70-6FC5281DFB81}.Debug|Any CPU.Build.0 = Debug|Any CPU
		{797F3CB4-FC40-4BD1-AB70-6FC5281DFB81}.Release|Any CPU.ActiveCfg = Release|Any CPU
		{797F3CB4-FC40-4BD1-AB70-6FC5281DFB81}.Release|Any CPU.Build.0 = Release|Any CPU
	EndGlobalSection
	GlobalSection(SolutionProperties) = preSolution
		HideSolutionNode = FALSE
	EndGlobalSection
	GlobalSection(ExtensibilityGlobals) = postSolution
		SolutionGuid = {07A5C46A-7E35-49B0-AA5E-159FB54E4E9E}
	EndGlobalSection
EndGlobal
